
Microsoft Visual Studio Solution File, Format Version 12.00
# Visual Studio 15
VisualStudioVersion = 15.0.27428.2005
MinimumVisualStudioVersion = 10.0.40219.1
Project("{FAE04EC0-301F-11D3-BF4B-00C04F79EFBC}") = "Custom-Error-Pages", "Custom-Error-Pages\Custom-Error-Pages.csproj", "{64485D13-3479-4FB5-855F-7C458F35D362}"
EndProject
Global
	GlobalSection(SolutionConfigurationPlatforms) = preSolution
		Debug|Any CPU = Debug|Any CPU
		Release|Any CPU = Release|Any CPU
	EndGlobalSection
	GlobalSection(ProjectConfigurationPlatforms) = postSolution
		{64485D13-3479-4FB5-855F-7C458F35D362}.Debug|Any CPU.ActiveCfg = Debug|Any CPU
		{64485D13-3479-4FB5-855F-7C458F35D362}.Debug|Any CPU.Build.0 = Debug|Any CPU
		{64485D13-3479-4FB5-855F-7C458F35D362}.Release|Any CPU.ActiveCfg = Release|Any CPU
		{64485D13-3479-4FB5-855F-7C458F35D362}.Release|Any CPU.Build.0 = Release|Any CPU
	EndGlobalSection
	GlobalSection(SolutionProperties) = preSolution
		HideSolutionNode = FALSE
	EndGlobalSection
	GlobalSection(ExtensibilityGlobals) = postSolution
		SolutionGuid = {5980DD18-EB68-4243-BBB8-2060927215FF}
	EndGlobalSection
EndGlobal
